<?xml version="1.0" encoding="utf-8"?>
<Project ToolsVersion="4.0" xmlns="http://schemas.microsoft.com/developer/msbuild/2003">
  <ItemGroup>
    <Filter Include="ソース ファイル">
      <UniqueIdentifier>{4FC737F1-C7A5-4376-A066-2A32D752A2FF}</UniqueIdentifier>
      <Extensions>cpp;c;cc;cxx;def;odl;idl;hpj;bat;asm;asmx</Extensions>
    </Filter>
    <Filter Include="ヘッダー ファイル">
      <UniqueIdentifier>{93995380-89BD-4b04-88EB-625FBE52EBFB}</UniqueIdentifier>
      <Extensions>h;hh;hpp;hxx;hm;inl;inc;ipp;xsd</Extensions>
    </Filter>
    <Filter Include="リソース ファイル">
      <UniqueIdentifier>{67DA6AB6-F800-4c08-8B7A-83BB121AAD01}</UniqueIdentifier>
      <Extensions>rc;ico;cur;bmp;dlg;rc2;rct;bin;rgs;gif;jpg;jpeg;jpe;resx;tiff;tif;png;wav;mfcribbon-ms</Extensions>
    </Filter>
    <Filter Include="Scene">
      <UniqueIdentifier>{84baed0e-8c65-4258-909e-344477d2de2d}</UniqueIdentifier>
    </Filter>
    <Filter Include="Player">
      <UniqueIdentifier>{87ae4287-1c64-4fc9-ab3b-d5fa3bf090d4}</UniqueIdentifier>
    </Filter>
    <Filter Include="Effect">
      <UniqueIdentifier>{87888690-ac1e-47cf-b822-afc351f96b10}</UniqueIdentifier>
    </Filter>
    <Filter Include="Vecetor2">
      <UniqueIdentifier>{2f98ab92-aae5-4ece-83ad-64885e7730e1}</UniqueIdentifier>
    </Filter>
    <Filter Include="Stage">
      <UniqueIdentifier>{02b784f9-8107-4f40-9463-00b76eb764a6}</UniqueIdentifier>
    </Filter>
    <Filter Include="Key">
      <UniqueIdentifier>{c2e61350-45d2-4396-b2c4-83e1c746f758}</UniqueIdentifier>
    </Filter>
  </ItemGroup>
  <ItemGroup>
    <ClCompile Include="main.cpp">
      <Filter>ソース ファイル</Filter>
    </ClCompile>
    <ClCompile Include="Effect\Effect.cpp">
      <Filter>Effect</Filter>
    </ClCompile>
    <ClCompile Include="Effect\Sound.cpp">
      <Filter>Effect</Filter>
    </ClCompile>
    <ClCompile Include="Vector2\Vector2.cpp">
      <Filter>Vecetor2</Filter>
    </ClCompile>
    <ClCompile Include="Vector2\Vector2f.cpp">
      <Filter>Vecetor2</Filter>
    </ClCompile>
    <ClCompile Include="Player\player.cpp">
      <Filter>Player</Filter>
    </ClCompile>
    <ClCompile Include="Player\skill.cpp">
      <Filter>Player</Filter>
    </ClCompile>
    <ClCompile Include="Scene\BaseScene.cpp">
      <Filter>Scene</Filter>
    </ClCompile>
    <ClCompile Include="Scene\GameOverScene.cpp">
      <Filter>Scene</Filter>
    </ClCompile>
    <ClCompile Include="Scene\GameScene.cpp">
      <Filter>Scene</Filter>
    </ClCompile>
    <ClCompile Include="Scene\Pause.cpp">
      <Filter>Scene</Filter>
    </ClCompile>
    <ClCompile Include="Scene\ResultScene.cpp">
      <Filter>Scene</Filter>
    </ClCompile>
    <ClCompile Include="Scene\SceneMng.cpp">
      <Filter>Scene</Filter>
    </ClCompile>
    <ClCompile Include="Scene\SelectScene.cpp">
      <Filter>Scene</Filter>
    </ClCompile>
    <ClCompile Include="Scene\TitleScene.cpp">
      <Filter>Scene</Filter>
    </ClCompile>
    <ClCompile Include="Stage\Stage.cpp">
      <Filter>Stage</Filter>
    </ClCompile>
    <ClCompile Include="Key\GetKeyState.cpp">
      <Filter>Key</Filter>
    </ClCompile>
    <ClCompile Include="Key\InputState.cpp">
      <Filter>Key</Filter>
    </ClCompile>
    <ClCompile Include="Key\keyID.cpp">
      <Filter>Key</Filter>
    </ClCompile>
    <ClCompile Include="Key\KeyState.cpp">
      <Filter>Key</Filter>
    </ClCompile>
    <ClCompile Include="Player\playerMng.cpp">
      <Filter>Player</Filter>
    </ClCompile>
    <ClCompile Include="ImageMng.cpp">
      <Filter>ソース ファイル</Filter>
    </ClCompile>
  </ItemGroup>
  <ItemGroup>
    <ClInclude Include="Effect\Effect.h">
      <Filter>Effect</Filter>
    </ClInclude>
    <ClInclude Include="Vector2\Vector2.h">
      <Filter>Vecetor2</Filter>
    </ClInclude>
    <ClInclude Include="Vector2\Vector2f.h">
      <Filter>Vecetor2</Filter>
    </ClInclude>
    <ClInclude Include="Player\player.h">
      <Filter>Player</Filter>
    </ClInclude>
    <ClInclude Include="Player\skill.h">
      <Filter>Player</Filter>
    </ClInclude>
    <ClInclude Include="Scene\BaseScene.h">
      <Filter>Scene</Filter>
    </ClInclude>
    <ClInclude Include="Scene\GameOverScene.h">
      <Filter>Scene</Filter>
    </ClInclude>
    <ClInclude Include="Scene\GameScene.h">
      <Filter>Scene</Filter>
    </ClInclude>
    <ClInclude Include="Scene\Pause.h">
      <Filter>Scene</Filter>
    </ClInclude>
    <ClInclude Include="Scene\ResultScene.h">
      <Filter>Scene</Filter>
    </ClInclude>
    <ClInclude Include="Scene\SceneMng.h">
      <Filter>Scene</Filter>
    </ClInclude>
    <ClInclude Include="Scene\SelectScene.h">
      <Filter>Scene</Filter>
    </ClInclude>
    <ClInclude Include="Effect\Sound.h">
      <Filter>Effect</Filter>
    </ClInclude>
    <ClInclude Include="Scene\TitleScene.h">
      <Filter>Scene</Filter>
    </ClInclude>
    <ClInclude Include="Stage\Stage.h">
      <Filter>Stage</Filter>
    </ClInclude>
    <ClInclude Include="Key\GetKeyState.h">
      <Filter>Key</Filter>
    </ClInclude>
    <ClInclude Include="Key\InputState.h">
      <Filter>Key</Filter>
    </ClInclude>
    <ClInclude Include="Key\keyID.h">
      <Filter>Key</Filter>
    </ClInclude>
    <ClInclude Include="Key\KeyState.h">
      <Filter>Key</Filter>
    </ClInclude>
    <ClInclude Include="Player\playerMng.h">
      <Filter>Player</Filter>
    </ClInclude>
    <ClInclude Include="ImageMng.h">
      <Filter>ヘッダー ファイル</Filter>
    </ClInclude>
  </ItemGroup>
  <ItemGroup>
    <None Include="Key\key.dat">
      <Filter>Key</Filter>
    </None>
  </ItemGroup>
</Project>