<?xml version="1.0" encoding="utf-8"?>
<Project ToolsVersion="4.0" xmlns="http://schemas.microsoft.com/developer/msbuild/2003">
  <ItemGroup>
    <Filter Include="ソース ファイル">
      <UniqueIdentifier>{4FC737F1-C7A5-4376-A066-2A32D752A2FF}</UniqueIdentifier>
      <Extensions>cpp;c;cc;cxx;c++;cppm;ixx;def;odl;idl;hpj;bat;asm;asmx</Extensions>
    </Filter>
    <Filter Include="ヘッダー ファイル">
      <UniqueIdentifier>{93995380-89BD-4b04-88EB-625FBE52EBFB}</UniqueIdentifier>
      <Extensions>h;hh;hpp;hxx;h++;hm;inl;inc;ipp;xsd</Extensions>
    </Filter>
    <Filter Include="リソース ファイル">
      <UniqueIdentifier>{67DA6AB6-F800-4c08-8B7A-83BB121AAD01}</UniqueIdentifier>
      <Extensions>rc;ico;cur;bmp;dlg;rc2;rct;bin;rgs;gif;jpg;jpeg;jpe;resx;tiff;tif;png;wav;mfcribbon-ms</Extensions>
    </Filter>
    <Filter Include="game">
      <UniqueIdentifier>{e5d82a28-ccd5-4e27-aa89-bab687978717}</UniqueIdentifier>
    </Filter>
    <Filter Include="game\key">
      <UniqueIdentifier>{204934ce-9be1-401d-9ed9-36d82805f47e}</UniqueIdentifier>
    </Filter>
    <Filter Include="game\stage">
      <UniqueIdentifier>{e2ec4ba3-f9ef-47fb-9288-087b592c57a7}</UniqueIdentifier>
    </Filter>
    <Filter Include="game\vector">
      <UniqueIdentifier>{1c83605f-5cf4-49b5-b36e-7fd366c62575}</UniqueIdentifier>
    </Filter>
    <Filter Include="game\player">
      <UniqueIdentifier>{89bf2435-a76a-460b-aa1c-ba05ada04c6e}</UniqueIdentifier>
    </Filter>
    <Filter Include="game\scene">
      <UniqueIdentifier>{67f96bf9-ae7a-40df-97c4-fecfeb343348}</UniqueIdentifier>
    </Filter>
  </ItemGroup>
  <ItemGroup>
    <ClCompile Include="Main.cpp">
      <Filter>ソース ファイル</Filter>
    </ClCompile>
    <ClCompile Include="key\GetKeyState.cpp">
      <Filter>game\key</Filter>
    </ClCompile>
    <ClCompile Include="stage\Stage.cpp">
      <Filter>game\stage</Filter>
    </ClCompile>
    <ClCompile Include="vector\Vector2.cpp">
      <Filter>game\vector</Filter>
    </ClCompile>
    <ClCompile Include="vector\Vector2f.cpp">
      <Filter>game\vector</Filter>
    </ClCompile>
    <ClCompile Include="player\player.cpp">
      <Filter>game\player</Filter>
    </ClCompile>
    <ClCompile Include="player\playerMng.cpp">
      <Filter>game\player</Filter>
    </ClCompile>
    <ClCompile Include="player\skill.cpp">
      <Filter>game\player</Filter>
    </ClCompile>
    <ClCompile Include="scene\Game.cpp">
      <Filter>game\scene</Filter>
    </ClCompile>
    <ClCompile Include="scene\GameOver.cpp">
      <Filter>game\scene</Filter>
    </ClCompile>
    <ClCompile Include="scene\ScnMng.cpp">
      <Filter>game\scene</Filter>
    </ClCompile>
    <ClCompile Include="scene\Title.cpp">
      <Filter>game\scene</Filter>
    </ClCompile>
  </ItemGroup>
  <ItemGroup>
    <ClInclude Include="Common.h">
      <Filter>ヘッダー ファイル</Filter>
    </ClInclude>
    <ClInclude Include="key\GetKeyState.h">
      <Filter>game\key</Filter>
    </ClInclude>
    <ClInclude Include="stage\Stage.h">
      <Filter>game\stage</Filter>
    </ClInclude>
    <ClInclude Include="vector\Vector2.h">
      <Filter>game\vector</Filter>
    </ClInclude>
    <ClInclude Include="vector\Vector2f.h">
      <Filter>game\vector</Filter>
    </ClInclude>
    <ClInclude Include="player\player.h">
      <Filter>game\player</Filter>
    </ClInclude>
    <ClInclude Include="player\playerMng.h">
      <Filter>game\player</Filter>
    </ClInclude>
    <ClInclude Include="player\skill.h">
      <Filter>game\player</Filter>
    </ClInclude>
    <ClInclude Include="scene\Game.h">
      <Filter>game\scene</Filter>
    </ClInclude>
    <ClInclude Include="scene\GameOver.h">
      <Filter>game\scene</Filter>
    </ClInclude>
    <ClInclude Include="scene\ScnMng.h">
      <Filter>game\scene</Filter>
    </ClInclude>
    <ClInclude Include="scene\Title.h">
      <Filter>game\scene</Filter>
    </ClInclude>
  </ItemGroup>
</Project>